
Microsoft Visual Studio Solution File, Format Version 12.00
# Visual Studio Version 17
VisualStudioVersion = 17.10.35122.118
MinimumVisualStudioVersion = 10.0.40219.1
Project("{FAE04EC0-301F-11D3-BF4B-00C04F79EFBC}") = "SistemaVendas", "SistemaVendas\SistemaVendas.csproj", "{607E20B1-A863-4BCD-9D5F-1054384040DD}"
EndProject
Global
	GlobalSection(SolutionConfigurationPlatforms) = preSolution
		Debug|Any CPU = Debug|Any CPU
		Release|Any CPU = Release|Any CPU
	EndGlobalSection
	GlobalSection(ProjectConfigurationPlatforms) = postSolution
		{607E20B1-A863-4BCD-9D5F-1054384040DD}.Debug|Any CPU.ActiveCfg = Debug|Any CPU
		{607E20B1-A863-4BCD-9D5F-1054384040DD}.Debug|Any CPU.Build.0 = Debug|Any CPU
		{607E20B1-A863-4BCD-9D5F-1054384040DD}.Release|Any CPU.ActiveCfg = Release|Any CPU
		{607E20B1-A863-4BCD-9D5F-1054384040DD}.Release|Any CPU.Build.0 = Release|Any CPU
	EndGlobalSection
	GlobalSection(SolutionProperties) = preSolution
		HideSolutionNode = FALSE
	EndGlobalSection
	GlobalSection(ExtensibilityGlobals) = postSolution
		SolutionGuid = {8484BC2F-075F-4252-BC6F-0F3EF4752F51}
	EndGlobalSection
EndGlobal
